
Microsoft Visual Studio Solution File, Format Version 12.00
# Visual Studio Version 16
VisualStudioVersion = 16.0.29411.108
MinimumVisualStudioVersion = 10.0.40219.1
Project("{FAE04EC0-301F-11D3-BF4B-00C04F79EFBC}") = "OOP_Task1_2", "OOP_Task1_2\OOP_Task1_2.csproj", "{2983F8A5-407F-4317-BA57-D2808705D681}"
EndProject
Global
	GlobalSection(SolutionConfigurationPlatforms) = preSolution
		Debug|Any CPU = Debug|Any CPU
		Release|Any CPU = Release|Any CPU
	EndGlobalSection
	GlobalSection(ProjectConfigurationPlatforms) = postSolution
		{2983F8A5-407F-4317-BA57-D2808705D681}.Debug|Any CPU.ActiveCfg = Debug|Any CPU
		{2983F8A5-407F-4317-BA57-D2808705D681}.Debug|Any CPU.Build.0 = Debug|Any CPU
		{2983F8A5-407F-4317-BA57-D2808705D681}.Release|Any CPU.ActiveCfg = Release|Any CPU
		{2983F8A5-407F-4317-BA57-D2808705D681}.Release|Any CPU.Build.0 = Release|Any CPU
	EndGlobalSection
	GlobalSection(SolutionProperties) = preSolution
		HideSolutionNode = FALSE
	EndGlobalSection
	GlobalSection(ExtensibilityGlobals) = postSolution
		SolutionGuid = {B74747B5-D8B4-47C8-9010-4C89FC672048}
	EndGlobalSection
EndGlobal
