
Microsoft Visual Studio Solution File, Format Version 12.00
# Visual Studio Version 16
VisualStudioVersion = 16.0.29411.108
MinimumVisualStudioVersion = 10.0.40219.1
Project("{FAE04EC0-301F-11D3-BF4B-00C04F79EFBC}") = "InterpolationSearch", "InterpolationSearch\InterpolationSearch.csproj", "{351824FA-AA35-4AF5-8632-61FA7DB520CF}"
EndProject
Global
	GlobalSection(SolutionConfigurationPlatforms) = preSolution
		Debug|Any CPU = Debug|Any CPU
		Release|Any CPU = Release|Any CPU
	EndGlobalSection
	GlobalSection(ProjectConfigurationPlatforms) = postSolution
		{351824FA-AA35-4AF5-8632-61FA7DB520CF}.Debug|Any CPU.ActiveCfg = Debug|Any CPU
		{351824FA-AA35-4AF5-8632-61FA7DB520CF}.Debug|Any CPU.Build.0 = Debug|Any CPU
		{351824FA-AA35-4AF5-8632-61FA7DB520CF}.Release|Any CPU.ActiveCfg = Release|Any CPU
		{351824FA-AA35-4AF5-8632-61FA7DB520CF}.Release|Any CPU.Build.0 = Release|Any CPU
	EndGlobalSection
	GlobalSection(SolutionProperties) = preSolution
		HideSolutionNode = FALSE
	EndGlobalSection
	GlobalSection(ExtensibilityGlobals) = postSolution
		SolutionGuid = {9167DE93-031E-466E-9084-3696407A0CF9}
	EndGlobalSection
EndGlobal
