
Microsoft Visual Studio Solution File, Format Version 12.00
# Visual Studio Version 16
VisualStudioVersion = 16.0.29411.108
MinimumVisualStudioVersion = 10.0.40219.1
Project("{FAE04EC0-301F-11D3-BF4B-00C04F79EFBC}") = "WorkWithMethods", "WorkWithMethods\WorkWithMethods.csproj", "{C311002A-6C1A-44A0-A4BE-B3C43AF7D990}"
EndProject
Global
	GlobalSection(SolutionConfigurationPlatforms) = preSolution
		Debug|Any CPU = Debug|Any CPU
		Release|Any CPU = Release|Any CPU
	EndGlobalSection
	GlobalSection(ProjectConfigurationPlatforms) = postSolution
		{C311002A-6C1A-44A0-A4BE-B3C43AF7D990}.Debug|Any CPU.ActiveCfg = Debug|Any CPU
		{C311002A-6C1A-44A0-A4BE-B3C43AF7D990}.Debug|Any CPU.Build.0 = Debug|Any CPU
		{C311002A-6C1A-44A0-A4BE-B3C43AF7D990}.Release|Any CPU.ActiveCfg = Release|Any CPU
		{C311002A-6C1A-44A0-A4BE-B3C43AF7D990}.Release|Any CPU.Build.0 = Release|Any CPU
	EndGlobalSection
	GlobalSection(SolutionProperties) = preSolution
		HideSolutionNode = FALSE
	EndGlobalSection
	GlobalSection(ExtensibilityGlobals) = postSolution
		SolutionGuid = {6658A857-A8D7-4E1F-AC6C-1AF15599370D}
	EndGlobalSection
EndGlobal
