
Microsoft Visual Studio Solution File, Format Version 12.00
# Visual Studio Version 16
VisualStudioVersion = 16.0.29411.108
MinimumVisualStudioVersion = 10.0.40219.1
Project("{FAE04EC0-301F-11D3-BF4B-00C04F79EFBC}") = "BaseConsoleIO", "BaseConsoleIO\BaseConsoleIO.csproj", "{4EBC56C5-9662-4D8B-BF3B-211949962F22}"
EndProject
Global
	GlobalSection(SolutionConfigurationPlatforms) = preSolution
		Debug|Any CPU = Debug|Any CPU
		Release|Any CPU = Release|Any CPU
	EndGlobalSection
	GlobalSection(ProjectConfigurationPlatforms) = postSolution
		{4EBC56C5-9662-4D8B-BF3B-211949962F22}.Debug|Any CPU.ActiveCfg = Debug|Any CPU
		{4EBC56C5-9662-4D8B-BF3B-211949962F22}.Debug|Any CPU.Build.0 = Debug|Any CPU
		{4EBC56C5-9662-4D8B-BF3B-211949962F22}.Release|Any CPU.ActiveCfg = Release|Any CPU
		{4EBC56C5-9662-4D8B-BF3B-211949962F22}.Release|Any CPU.Build.0 = Release|Any CPU
	EndGlobalSection
	GlobalSection(SolutionProperties) = preSolution
		HideSolutionNode = FALSE
	EndGlobalSection
	GlobalSection(ExtensibilityGlobals) = postSolution
		SolutionGuid = {30866CBB-28E6-49AD-AEF4-9C63951DC277}
	EndGlobalSection
EndGlobal
