
Microsoft Visual Studio Solution File, Format Version 12.00
# Visual Studio Version 16
VisualStudioVersion = 16.0.29411.108
MinimumVisualStudioVersion = 10.0.40219.1
Project("{FAE04EC0-301F-11D3-BF4B-00C04F79EFBC}") = "CountOfSameElements", "CountOfSameElements\CountOfSameElements.csproj", "{AED97310-5075-4CA8-A64B-81740281FFD7}"
EndProject
Global
	GlobalSection(SolutionConfigurationPlatforms) = preSolution
		Debug|Any CPU = Debug|Any CPU
		Release|Any CPU = Release|Any CPU
	EndGlobalSection
	GlobalSection(ProjectConfigurationPlatforms) = postSolution
		{AED97310-5075-4CA8-A64B-81740281FFD7}.Debug|Any CPU.ActiveCfg = Debug|Any CPU
		{AED97310-5075-4CA8-A64B-81740281FFD7}.Debug|Any CPU.Build.0 = Debug|Any CPU
		{AED97310-5075-4CA8-A64B-81740281FFD7}.Release|Any CPU.ActiveCfg = Release|Any CPU
		{AED97310-5075-4CA8-A64B-81740281FFD7}.Release|Any CPU.Build.0 = Release|Any CPU
	EndGlobalSection
	GlobalSection(SolutionProperties) = preSolution
		HideSolutionNode = FALSE
	EndGlobalSection
	GlobalSection(ExtensibilityGlobals) = postSolution
		SolutionGuid = {14F8742C-24E5-4A91-B1CE-8F6D190B3153}
	EndGlobalSection
EndGlobal
